
Microsoft Visual Studio Solution File, Format Version 12.00
# Visual Studio Version 16
VisualStudioVersion = 16.0.29613.14
MinimumVisualStudioVersion = 10.0.40219.1
Project("{2150E333-8FDC-42A3-9474-1A3956D46DE8}") = "Libraries", "Libraries", "{D5FA1C64-26D6-42AA-97A1-803C24CE62D5}"
EndProject
Project("{2150E333-8FDC-42A3-9474-1A3956D46DE8}") = "Presentation", "Presentation", "{703D5272-363B-4409-B1B6-34AB034907FF}"
EndProject
Project("{9A19103F-16F7-4668-BE54-9A1E7A4F7556}") = "UserAPI", "UserAPI\UserAPI.csproj", "{C78880D4-E1B1-45D9-AEEB-9AF7CE3A0F1F}"
EndProject
Project("{9A19103F-16F7-4668-BE54-9A1E7A4F7556}") = "AdminAPI", "AdminAPI\AdminAPI.csproj", "{D0CB38F7-6651-4280-8335-CF5788BDF7B4}"
EndProject
Project("{9A19103F-16F7-4668-BE54-9A1E7A4F7556}") = "CoCaro.Core", "CoCaro.Core\CoCaro.Core.csproj", "{3802DC31-2A7E-4B9E-82D5-F5F23F6DAFD8}"
EndProject
Project("{9A19103F-16F7-4668-BE54-9A1E7A4F7556}") = "CoCaro.Data", "CoCaro.Data\CoCaro.Data.csproj", "{A5923B19-49A8-40FB-B85C-EEB051405AB4}"
EndProject
Project("{9A19103F-16F7-4668-BE54-9A1E7A4F7556}") = "CoCaro.Service", "CoCaro.Service\CoCaro.Service.csproj", "{69E70C37-5A29-4C83-892E-E040261A67DA}"
EndProject
Project("{9A19103F-16F7-4668-BE54-9A1E7A4F7556}") = "CoCaro.Models", "CoCaro.Models\CoCaro.Models.csproj", "{32FBD57B-3983-4737-AC1C-03E8D84118CD}"
EndProject
Project("{9A19103F-16F7-4668-BE54-9A1E7A4F7556}") = "CoCaro.Utilities", "CoCaro.Utilities\CoCaro.Utilities.csproj", "{6E08F8F8-CD4F-4328-A887-1D4A2E9645AC}"
EndProject
Global
	GlobalSection(SolutionConfigurationPlatforms) = preSolution
		Debug|Any CPU = Debug|Any CPU
		Release|Any CPU = Release|Any CPU
	EndGlobalSection
	GlobalSection(ProjectConfigurationPlatforms) = postSolution
		{C78880D4-E1B1-45D9-AEEB-9AF7CE3A0F1F}.Debug|Any CPU.ActiveCfg = Debug|Any CPU
		{C78880D4-E1B1-45D9-AEEB-9AF7CE3A0F1F}.Debug|Any CPU.Build.0 = Debug|Any CPU
		{C78880D4-E1B1-45D9-AEEB-9AF7CE3A0F1F}.Release|Any CPU.ActiveCfg = Release|Any CPU
		{C78880D4-E1B1-45D9-AEEB-9AF7CE3A0F1F}.Release|Any CPU.Build.0 = Release|Any CPU
		{D0CB38F7-6651-4280-8335-CF5788BDF7B4}.Debug|Any CPU.ActiveCfg = Debug|Any CPU
		{D0CB38F7-6651-4280-8335-CF5788BDF7B4}.Debug|Any CPU.Build.0 = Debug|Any CPU
		{D0CB38F7-6651-4280-8335-CF5788BDF7B4}.Release|Any CPU.ActiveCfg = Release|Any CPU
		{D0CB38F7-6651-4280-8335-CF5788BDF7B4}.Release|Any CPU.Build.0 = Release|Any CPU
		{3802DC31-2A7E-4B9E-82D5-F5F23F6DAFD8}.Debug|Any CPU.ActiveCfg = Debug|Any CPU
		{3802DC31-2A7E-4B9E-82D5-F5F23F6DAFD8}.Debug|Any CPU.Build.0 = Debug|Any CPU
		{3802DC31-2A7E-4B9E-82D5-F5F23F6DAFD8}.Release|Any CPU.ActiveCfg = Release|Any CPU
		{3802DC31-2A7E-4B9E-82D5-F5F23F6DAFD8}.Release|Any CPU.Build.0 = Release|Any CPU
		{A5923B19-49A8-40FB-B85C-EEB051405AB4}.Debug|Any CPU.ActiveCfg = Debug|Any CPU
		{A5923B19-49A8-40FB-B85C-EEB051405AB4}.Debug|Any CPU.Build.0 = Debug|Any CPU
		{A5923B19-49A8-40FB-B85C-EEB051405AB4}.Release|Any CPU.ActiveCfg = Release|Any CPU
		{A5923B19-49A8-40FB-B85C-EEB051405AB4}.Release|Any CPU.Build.0 = Release|Any CPU
		{69E70C37-5A29-4C83-892E-E040261A67DA}.Debug|Any CPU.ActiveCfg = Debug|Any CPU
		{69E70C37-5A29-4C83-892E-E040261A67DA}.Debug|Any CPU.Build.0 = Debug|Any CPU
		{69E70C37-5A29-4C83-892E-E040261A67DA}.Release|Any CPU.ActiveCfg = Release|Any CPU
		{69E70C37-5A29-4C83-892E-E040261A67DA}.Release|Any CPU.Build.0 = Release|Any CPU
		{32FBD57B-3983-4737-AC1C-03E8D84118CD}.Debug|Any CPU.ActiveCfg = Debug|Any CPU
		{32FBD57B-3983-4737-AC1C-03E8D84118CD}.Debug|Any CPU.Build.0 = Debug|Any CPU
		{32FBD57B-3983-4737-AC1C-03E8D84118CD}.Release|Any CPU.ActiveCfg = Release|Any CPU
		{32FBD57B-3983-4737-AC1C-03E8D84118CD}.Release|Any CPU.Build.0 = Release|Any CPU
		{6E08F8F8-CD4F-4328-A887-1D4A2E9645AC}.Debug|Any CPU.ActiveCfg = Debug|Any CPU
		{6E08F8F8-CD4F-4328-A887-1D4A2E9645AC}.Debug|Any CPU.Build.0 = Debug|Any CPU
		{6E08F8F8-CD4F-4328-A887-1D4A2E9645AC}.Release|Any CPU.ActiveCfg = Release|Any CPU
		{6E08F8F8-CD4F-4328-A887-1D4A2E9645AC}.Release|Any CPU.Build.0 = Release|Any CPU
	EndGlobalSection
	GlobalSection(SolutionProperties) = preSolution
		HideSolutionNode = FALSE
	EndGlobalSection
	GlobalSection(NestedProjects) = preSolution
		{C78880D4-E1B1-45D9-AEEB-9AF7CE3A0F1F} = {703D5272-363B-4409-B1B6-34AB034907FF}
		{D0CB38F7-6651-4280-8335-CF5788BDF7B4} = {703D5272-363B-4409-B1B6-34AB034907FF}
		{3802DC31-2A7E-4B9E-82D5-F5F23F6DAFD8} = {D5FA1C64-26D6-42AA-97A1-803C24CE62D5}
		{A5923B19-49A8-40FB-B85C-EEB051405AB4} = {D5FA1C64-26D6-42AA-97A1-803C24CE62D5}
		{69E70C37-5A29-4C83-892E-E040261A67DA} = {D5FA1C64-26D6-42AA-97A1-803C24CE62D5}
		{32FBD57B-3983-4737-AC1C-03E8D84118CD} = {D5FA1C64-26D6-42AA-97A1-803C24CE62D5}
		{6E08F8F8-CD4F-4328-A887-1D4A2E9645AC} = {D5FA1C64-26D6-42AA-97A1-803C24CE62D5}
	EndGlobalSection
	GlobalSection(ExtensibilityGlobals) = postSolution
		SolutionGuid = {D7EB1B10-F4AA-4E51-9932-FC182C1F5F9C}
	EndGlobalSection
EndGlobal
